
Microsoft Visual Studio Solution File, Format Version 12.00
# Visual Studio Version 17
VisualStudioVersion = 17.4.33122.133
MinimumVisualStudioVersion = 10.0.40219.1
Project("{8BC9CEB8-8B4A-11D0-8D11-00A0C91BC942}") = "CF_A. Regular Bracket Sequence", "CF_A. Regular Bracket Sequence\CF_A. Regular Bracket Sequence.vcxproj", "{D70CF1CF-240B-4E0C-A643-1212ECF21C87}"
EndProject
Global
	GlobalSection(SolutionConfigurationPlatforms) = preSolution
		Debug|x64 = Debug|x64
		Debug|x86 = Debug|x86
		Release|x64 = Release|x64
		Release|x86 = Release|x86
	EndGlobalSection
	GlobalSection(ProjectConfigurationPlatforms) = postSolution
		{D70CF1CF-240B-4E0C-A643-1212ECF21C87}.Debug|x64.ActiveCfg = Debug|x64
		{D70CF1CF-240B-4E0C-A643-1212ECF21C87}.Debug|x64.Build.0 = Debug|x64
		{D70CF1CF-240B-4E0C-A643-1212ECF21C87}.Debug|x86.ActiveCfg = Debug|Win32
		{D70CF1CF-240B-4E0C-A643-1212ECF21C87}.Debug|x86.Build.0 = Debug|Win32
		{D70CF1CF-240B-4E0C-A643-1212ECF21C87}.Release|x64.ActiveCfg = Release|x64
		{D70CF1CF-240B-4E0C-A643-1212ECF21C87}.Release|x64.Build.0 = Release|x64
		{D70CF1CF-240B-4E0C-A643-1212ECF21C87}.Release|x86.ActiveCfg = Release|Win32
		{D70CF1CF-240B-4E0C-A643-1212ECF21C87}.Release|x86.Build.0 = Release|Win32
	EndGlobalSection
	GlobalSection(SolutionProperties) = preSolution
		HideSolutionNode = FALSE
	EndGlobalSection
	GlobalSection(ExtensibilityGlobals) = postSolution
		SolutionGuid = {9E2C93DE-0418-4CDD-BE42-83560C3E9C84}
	EndGlobalSection
EndGlobal
