
Microsoft Visual Studio Solution File, Format Version 12.00
# Visual Studio Version 17
VisualStudioVersion = 17.7.34031.279
MinimumVisualStudioVersion = 10.0.40219.1
Project("{8BC9CEB8-8B4A-11D0-8D11-00A0C91BC942}") = "MS_DS_Hash Homework 1 - 5 Medium Challenges", "MS_DS_Hash Homework 1 - 5 Medium Challenges.vcxproj", "{78C9E4B7-3A04-447C-A78B-7FFC627709BB}"
EndProject
Global
	GlobalSection(SolutionConfigurationPlatforms) = preSolution
		Debug|x64 = Debug|x64
		Debug|x86 = Debug|x86
		Release|x64 = Release|x64
		Release|x86 = Release|x86
	EndGlobalSection
	GlobalSection(ProjectConfigurationPlatforms) = postSolution
		{78C9E4B7-3A04-447C-A78B-7FFC627709BB}.Debug|x64.ActiveCfg = Debug|x64
		{78C9E4B7-3A04-447C-A78B-7FFC627709BB}.Debug|x64.Build.0 = Debug|x64
		{78C9E4B7-3A04-447C-A78B-7FFC627709BB}.Debug|x86.ActiveCfg = Debug|Win32
		{78C9E4B7-3A04-447C-A78B-7FFC627709BB}.Debug|x86.Build.0 = Debug|Win32
		{78C9E4B7-3A04-447C-A78B-7FFC627709BB}.Release|x64.ActiveCfg = Release|x64
		{78C9E4B7-3A04-447C-A78B-7FFC627709BB}.Release|x64.Build.0 = Release|x64
		{78C9E4B7-3A04-447C-A78B-7FFC627709BB}.Release|x86.ActiveCfg = Release|Win32
		{78C9E4B7-3A04-447C-A78B-7FFC627709BB}.Release|x86.Build.0 = Release|Win32
	EndGlobalSection
	GlobalSection(SolutionProperties) = preSolution
		HideSolutionNode = FALSE
	EndGlobalSection
	GlobalSection(ExtensibilityGlobals) = postSolution
		SolutionGuid = {EC7E2C26-D8CB-4C3F-AB28-ABBD0BD2C4E7}
	EndGlobalSection
EndGlobal
