
Microsoft Visual Studio Solution File, Format Version 12.00
# Visual Studio Version 17
VisualStudioVersion = 17.4.33213.308
MinimumVisualStudioVersion = 10.0.40219.1
Project("{8BC9CEB8-8B4A-11D0-8D11-00A0C91BC942}") = "MS_HW SLL Homework", "MS_HW SLL Homework\MS_HW SLL Homework.vcxproj", "{3DDF4A6F-999F-4D2B-A280-061553A12411}"
EndProject
Global
	GlobalSection(SolutionConfigurationPlatforms) = preSolution
		Debug|x64 = Debug|x64
		Debug|x86 = Debug|x86
		Release|x64 = Release|x64
		Release|x86 = Release|x86
	EndGlobalSection
	GlobalSection(ProjectConfigurationPlatforms) = postSolution
		{3DDF4A6F-999F-4D2B-A280-061553A12411}.Debug|x64.ActiveCfg = Debug|x64
		{3DDF4A6F-999F-4D2B-A280-061553A12411}.Debug|x64.Build.0 = Debug|x64
		{3DDF4A6F-999F-4D2B-A280-061553A12411}.Debug|x86.ActiveCfg = Debug|Win32
		{3DDF4A6F-999F-4D2B-A280-061553A12411}.Debug|x86.Build.0 = Debug|Win32
		{3DDF4A6F-999F-4D2B-A280-061553A12411}.Release|x64.ActiveCfg = Release|x64
		{3DDF4A6F-999F-4D2B-A280-061553A12411}.Release|x64.Build.0 = Release|x64
		{3DDF4A6F-999F-4D2B-A280-061553A12411}.Release|x86.ActiveCfg = Release|Win32
		{3DDF4A6F-999F-4D2B-A280-061553A12411}.Release|x86.Build.0 = Release|Win32
	EndGlobalSection
	GlobalSection(SolutionProperties) = preSolution
		HideSolutionNode = FALSE
	EndGlobalSection
	GlobalSection(ExtensibilityGlobals) = postSolution
		SolutionGuid = {1AC50EB3-B9AB-48DD-B4E2-CC9EF7DF6305}
	EndGlobalSection
EndGlobal
