
Microsoft Visual Studio Solution File, Format Version 12.00
# Visual Studio Version 17
VisualStudioVersion = 17.1.32328.378
MinimumVisualStudioVersion = 10.0.40219.1
Project("{8BC9CEB8-8B4A-11D0-8D11-00A0C91BC942}") = "MS_Homework 1 Length of 3n+1", "MS_Homework 1 Length of 3n+1\MS_Homework 1 Length of 3n+1.vcxproj", "{32AE074D-DD2D-4565-8271-31C3C0D86BB6}"
EndProject
Global
	GlobalSection(SolutionConfigurationPlatforms) = preSolution
		Debug|x64 = Debug|x64
		Debug|x86 = Debug|x86
		Release|x64 = Release|x64
		Release|x86 = Release|x86
	EndGlobalSection
	GlobalSection(ProjectConfigurationPlatforms) = postSolution
		{32AE074D-DD2D-4565-8271-31C3C0D86BB6}.Debug|x64.ActiveCfg = Debug|x64
		{32AE074D-DD2D-4565-8271-31C3C0D86BB6}.Debug|x64.Build.0 = Debug|x64
		{32AE074D-DD2D-4565-8271-31C3C0D86BB6}.Debug|x86.ActiveCfg = Debug|Win32
		{32AE074D-DD2D-4565-8271-31C3C0D86BB6}.Debug|x86.Build.0 = Debug|Win32
		{32AE074D-DD2D-4565-8271-31C3C0D86BB6}.Release|x64.ActiveCfg = Release|x64
		{32AE074D-DD2D-4565-8271-31C3C0D86BB6}.Release|x64.Build.0 = Release|x64
		{32AE074D-DD2D-4565-8271-31C3C0D86BB6}.Release|x86.ActiveCfg = Release|Win32
		{32AE074D-DD2D-4565-8271-31C3C0D86BB6}.Release|x86.Build.0 = Release|Win32
	EndGlobalSection
	GlobalSection(SolutionProperties) = preSolution
		HideSolutionNode = FALSE
	EndGlobalSection
	GlobalSection(ExtensibilityGlobals) = postSolution
		SolutionGuid = {391C003C-11C7-4D71-A536-88522D51244D}
	EndGlobalSection
EndGlobal
