
Microsoft Visual Studio Solution File, Format Version 12.00
# Visual Studio Version 17
VisualStudioVersion = 17.4.33122.133
MinimumVisualStudioVersion = 10.0.40219.1
Project("{8BC9CEB8-8B4A-11D0-8D11-00A0C91BC942}") = "CF_J. Next Element", "CF_J. Next Element\CF_J. Next Element.vcxproj", "{5010AB04-BEE2-43A5-908D-B4699BF47D01}"
EndProject
Global
	GlobalSection(SolutionConfigurationPlatforms) = preSolution
		Debug|x64 = Debug|x64
		Debug|x86 = Debug|x86
		Release|x64 = Release|x64
		Release|x86 = Release|x86
	EndGlobalSection
	GlobalSection(ProjectConfigurationPlatforms) = postSolution
		{5010AB04-BEE2-43A5-908D-B4699BF47D01}.Debug|x64.ActiveCfg = Debug|x64
		{5010AB04-BEE2-43A5-908D-B4699BF47D01}.Debug|x64.Build.0 = Debug|x64
		{5010AB04-BEE2-43A5-908D-B4699BF47D01}.Debug|x86.ActiveCfg = Debug|Win32
		{5010AB04-BEE2-43A5-908D-B4699BF47D01}.Debug|x86.Build.0 = Debug|Win32
		{5010AB04-BEE2-43A5-908D-B4699BF47D01}.Release|x64.ActiveCfg = Release|x64
		{5010AB04-BEE2-43A5-908D-B4699BF47D01}.Release|x64.Build.0 = Release|x64
		{5010AB04-BEE2-43A5-908D-B4699BF47D01}.Release|x86.ActiveCfg = Release|Win32
		{5010AB04-BEE2-43A5-908D-B4699BF47D01}.Release|x86.Build.0 = Release|Win32
	EndGlobalSection
	GlobalSection(SolutionProperties) = preSolution
		HideSolutionNode = FALSE
	EndGlobalSection
	GlobalSection(ExtensibilityGlobals) = postSolution
		SolutionGuid = {1DF06BB6-B987-4871-9EA9-54456921E628}
	EndGlobalSection
EndGlobal
